// !$*UTF8*$!
{
	archiveVersion = 1;
	classes = {
	};
	objectVersion = 77;
	objects = {

/* Begin PBXBuildFile section */
		010000000000000000000101 /* JoinNowApp.swift in Sources */ = {isa = PBXBuildFile; fileRef = 010000000000000000000001 /* JoinNowApp.swift */; };
		010000000000000000000102 /* AppDelegate.swift in Sources */ = {isa = PBXBuildFile; fileRef = 010000000000000000000002 /* AppDelegate.swift */; };
		010000000000000000000103 /* AppSettings.swift in Sources */ = {isa = PBXBuildFile; fileRef = 010000000000000000000003 /* AppSettings.swift */; };
		010000000000000000000104 /* CalendarService.swift in Sources */ = {isa = PBXBuildFile; fileRef = 010000000000000000000004 /* CalendarService.swift */; };
		010000000000000000000105 /* MeetingLinkExtractor.swift in Sources */ = {isa = PBXBuildFile; fileRef = 010000000000000000000005 /* MeetingLinkExtractor.swift */; };
		010000000000000000000106 /* ReminderScheduler.swift in Sources */ = {isa = PBXBuildFile; fileRef = 010000000000000000000006 /* ReminderScheduler.swift */; };
		010000000000000000000107 /* AlertWindowController.swift in Sources */ = {isa = PBXBuildFile; fileRef = 010000000000000000000007 /* AlertWindowController.swift */; };
		010000000000000000000108 /* MeetingAlertView.swift in Sources */ = {isa = PBXBuildFile; fileRef = 010000000000000000000008 /* MeetingAlertView.swift */; };
		010000000000000000000109 /* SettingsView.swift in Sources */ = {isa = PBXBuildFile; fileRef = 010000000000000000000009 /* SettingsView.swift */; };
		010000000000000000000110 /* StatusBarController.swift in Sources */ = {isa = PBXBuildFile; fileRef = 010000000000000000000010 /* StatusBarController.swift */; };
		010000000000000000000111 /* Assets.xcassets in Resources */ = {isa = PBXBuildFile; fileRef = 010000000000000000000014 /* Assets.xcassets */; };
/* End PBXBuildFile section */

/* Begin PBXFileReference section */
		010000000000000000000001 /* JoinNowApp.swift */ = {isa = PBXFileReference; lastKnownFileType = sourcecode.swift; path = JoinNowApp.swift; sourceTree = "<group>"; };
		010000000000000000000002 /* AppDelegate.swift */ = {isa = PBXFileReference; lastKnownFileType = sourcecode.swift; path = AppDelegate.swift; sourceTree = "<group>"; };
		010000000000000000000003 /* AppSettings.swift */ = {isa = PBXFileReference; lastKnownFileType = sourcecode.swift; path = AppSettings.swift; sourceTree = "<group>"; };
		010000000000000000000004 /* CalendarService.swift */ = {isa = PBXFileReference; lastKnownFileType = sourcecode.swift; path = CalendarService.swift; sourceTree = "<group>"; };
		010000000000000000000005 /* MeetingLinkExtractor.swift */ = {isa = PBXFileReference; lastKnownFileType = sourcecode.swift; path = MeetingLinkExtractor.swift; sourceTree = "<group>"; };
		010000000000000000000006 /* ReminderScheduler.swift */ = {isa = PBXFileReference; lastKnownFileType = sourcecode.swift; path = ReminderScheduler.swift; sourceTree = "<group>"; };
		010000000000000000000007 /* AlertWindowController.swift */ = {isa = PBXFileReference; lastKnownFileType = sourcecode.swift; path = AlertWindowController.swift; sourceTree = "<group>"; };
		010000000000000000000008 /* MeetingAlertView.swift */ = {isa = PBXFileReference; lastKnownFileType = sourcecode.swift; path = MeetingAlertView.swift; sourceTree = "<group>"; };
		010000000000000000000009 /* SettingsView.swift */ = {isa = PBXFileReference; lastKnownFileType = sourcecode.swift; path = SettingsView.swift; sourceTree = "<group>"; };
		010000000000000000000010 /* StatusBarController.swift */ = {isa = PBXFileReference; lastKnownFileType = sourcecode.swift; path = StatusBarController.swift; sourceTree = "<group>"; };
		010000000000000000000011 /* Info.plist */ = {isa = PBXFileReference; lastKnownFileType = text.plist.xml; path = Info.plist; sourceTree = "<group>"; };
		010000000000000000000012 /* JoinNow.entitlements */ = {isa = PBXFileReference; lastKnownFileType = text.plist.entitlements; path = JoinNow.entitlements; sourceTree = "<group>"; };
		010000000000000000000013 /* JoinNow.app */ = {isa = PBXFileReference; explicitFileType = wrapper.application; includeInIndex = 0; path = JoinNow.app; sourceTree = BUILT_PRODUCTS_DIR; };
		010000000000000000000014 /* Assets.xcassets */ = {isa = PBXFileReference; lastKnownFileType = folder.assetcatalog; path = Assets.xcassets; sourceTree = "<group>"; };
/* End PBXFileReference section */

/* Begin PBXFrameworksBuildPhase section */
		010000000000000000000200 /* Frameworks */ = {
			isa = PBXFrameworksBuildPhase;
			buildActionMask = 2147483647;
			files = (
			);
			runOnlyForDeploymentPostprocessing = 0;
		};
/* End PBXFrameworksBuildPhase section */

/* Begin PBXGroup section */
		010000000000000000000300 = {
			isa = PBXGroup;
			children = (
				010000000000000000000301 /* JoinNow */,
				010000000000000000000302 /* Products */,
			);
			sourceTree = "<group>";
		};
		010000000000000000000301 /* JoinNow */ = {
			isa = PBXGroup;
			children = (
				010000000000000000000001 /* JoinNowApp.swift */,
				010000000000000000000002 /* AppDelegate.swift */,
				010000000000000000000303 /* Models */,
				010000000000000000000304 /* Services */,
				010000000000000000000305 /* UI */,
				010000000000000000000014 /* Assets.xcassets */,
				010000000000000000000011 /* Info.plist */,
				010000000000000000000012 /* JoinNow.entitlements */,
			);
			path = JoinNow;
			sourceTree = "<group>";
		};
		010000000000000000000302 /* Products */ = {
			isa = PBXGroup;
			children = (
				010000000000000000000013 /* JoinNow.app */,
			);
			name = Products;
			sourceTree = "<group>";
		};
		010000000000000000000303 /* Models */ = {
			isa = PBXGroup;
			children = (
				010000000000000000000003 /* AppSettings.swift */,
			);
			path = Models;
			sourceTree = "<group>";
		};
		010000000000000000000304 /* Services */ = {
			isa = PBXGroup;
			children = (
				010000000000000000000004 /* CalendarService.swift */,
				010000000000000000000005 /* MeetingLinkExtractor.swift */,
				010000000000000000000006 /* ReminderScheduler.swift */,
			);
			path = Services;
			sourceTree = "<group>";
		};
		010000000000000000000305 /* UI */ = {
			isa = PBXGroup;
			children = (
				010000000000000000000007 /* AlertWindowController.swift */,
				010000000000000000000008 /* MeetingAlertView.swift */,
				010000000000000000000009 /* SettingsView.swift */,
				010000000000000000000010 /* StatusBarController.swift */,
			);
			path = UI;
			sourceTree = "<group>";
		};
/* End PBXGroup section */

/* Begin PBXNativeTarget section */
		010000000000000000000400 /* JoinNow */ = {
			isa = PBXNativeTarget;
			buildConfigurationList = 010000000000000000000700 /* Build configuration list for PBXNativeTarget "JoinNow" */;
			buildPhases = (
				010000000000000000000502 /* SwiftFormat */,
				010000000000000000000503 /* SwiftLint */,
				010000000000000000000500 /* Sources */,
				010000000000000000000200 /* Frameworks */,
				010000000000000000000501 /* Resources */,
			);
			buildRules = (
			);
			dependencies = (
			);
			name = JoinNow;
			productName = JoinNow;
			productReference = 010000000000000000000013 /* JoinNow.app */;
			productType = "com.apple.product-type.application";
		};
/* End PBXNativeTarget section */

/* Begin PBXProject section */
		010000000000000000000600 /* Project object */ = {
			isa = PBXProject;
			attributes = {
				BuildIndependentTargetsInParallel = 1;
				LastSwiftUpdateCheck = 2650;
				LastUpgradeCheck = 2650;
				TargetAttributes = {
					010000000000000000000400 = {
						CreatedOnToolsVersion = 26.5;
					};
				};
			};
			buildConfigurationList = 010000000000000000000701 /* Build configuration list for PBXProject "JoinNow" */;
			developmentRegion = en;
			hasScannedForEncodings = 0;
			knownRegions = (
				en,
				Base,
			);
			mainGroup = 010000000000000000000300;
			minimizedProjectReferenceProxies = 1;
			preferredProjectObjectVersion = 77;
			productRefGroup = 010000000000000000000302 /* Products */;
			projectDirPath = "";
			projectRoot = "";
			targets = (
				010000000000000000000400 /* JoinNow */,
			);
		};
/* End PBXProject section */

/* Begin PBXResourcesBuildPhase section */
		010000000000000000000501 /* Resources */ = {
			isa = PBXResourcesBuildPhase;
			buildActionMask = 2147483647;
			files = (
				010000000000000000000111 /* Assets.xcassets in Resources */,
			);
			runOnlyForDeploymentPostprocessing = 0;
		};
/* End PBXResourcesBuildPhase section */

/* Begin PBXShellScriptBuildPhase section */
		010000000000000000000502 /* SwiftFormat */ = {
			isa = PBXShellScriptBuildPhase;
			alwaysOutOfDate = 1;
			buildActionMask = 2147483647;
			files = (
			);
			inputFileListPaths = (
			);
			inputPaths = (
			);
			name = SwiftFormat;
			outputFileListPaths = (
			);
			outputPaths = (
			);
			runOnlyForDeploymentPostprocessing = 0;
			shellPath = /bin/sh;
			shellScript = "if command -v swiftformat >/dev/null 2>&1; then\n  swiftformat --lint \"$SRCROOT\" --cache ignore\nelse\n  echo \"warning: SwiftFormat not installed. Install with: brew install swiftformat\"\nfi\n";
		};
		010000000000000000000503 /* SwiftLint */ = {
			isa = PBXShellScriptBuildPhase;
			alwaysOutOfDate = 1;
			buildActionMask = 2147483647;
			files = (
			);
			inputFileListPaths = (
			);
			inputPaths = (
			);
			name = SwiftLint;
			outputFileListPaths = (
			);
			outputPaths = (
			);
			runOnlyForDeploymentPostprocessing = 0;
			shellPath = /bin/sh;
			shellScript = "if command -v swiftlint >/dev/null 2>&1; then\n  swiftlint --strict --no-cache --config \"$SRCROOT/.swiftlint.yml\"\nelse\n  echo \"warning: SwiftLint not installed. Install with: brew install swiftlint\"\nfi\n";
		};
/* End PBXShellScriptBuildPhase section */

/* Begin PBXSourcesBuildPhase section */
		010000000000000000000500 /* Sources */ = {
			isa = PBXSourcesBuildPhase;
			buildActionMask = 2147483647;
			files = (
				010000000000000000000101 /* JoinNowApp.swift in Sources */,
				010000000000000000000102 /* AppDelegate.swift in Sources */,
				010000000000000000000103 /* AppSettings.swift in Sources */,
				010000000000000000000104 /* CalendarService.swift in Sources */,
				010000000000000000000105 /* MeetingLinkExtractor.swift in Sources */,
				010000000000000000000106 /* ReminderScheduler.swift in Sources */,
				010000000000000000000107 /* AlertWindowController.swift in Sources */,
				010000000000000000000108 /* MeetingAlertView.swift in Sources */,
				010000000000000000000109 /* SettingsView.swift in Sources */,
				010000000000000000000110 /* StatusBarController.swift in Sources */,
			);
			runOnlyForDeploymentPostprocessing = 0;
		};
/* End PBXSourcesBuildPhase section */

/* Begin XCBuildConfiguration section */
		010000000000000000000800 /* Debug */ = {
			isa = XCBuildConfiguration;
			buildSettings = {
				ALWAYS_SEARCH_USER_PATHS = NO;
				CLANG_ANALYZER_NONNULL = YES;
				CLANG_ANALYZER_NUMBER_OBJECT_CONVERSION = YES_AGGRESSIVE;
				CLANG_CXX_LANGUAGE_STANDARD = "gnu++20";
				CLANG_ENABLE_MODULES = YES;
				CLANG_ENABLE_OBJC_ARC = YES;
				CLANG_ENABLE_OBJC_WEAK = YES;
				CLANG_WARN_BLOCK_CAPTURE_AUTORELEASING = YES;
				CLANG_WARN_BOOL_CONVERSION = YES;
				CLANG_WARN_COMMA = YES;
				CLANG_WARN_CONSTANT_CONVERSION = YES;
				CLANG_WARN_DEPRECATED_OBJC_IMPLEMENTATIONS = YES;
				CLANG_WARN_DIRECT_OBJC_ISA_USAGE = YES_ERROR;
				CLANG_WARN_DOCUMENTATION_COMMENTS = YES;
				CLANG_WARN_EMPTY_BODY = YES;
				CLANG_WARN_ENUM_CONVERSION = YES;
				CLANG_WARN_INFINITE_RECURSION = YES;
				CLANG_WARN_INT_CONVERSION = YES;
				CLANG_WARN_NON_LITERAL_NULL_CONVERSION = YES;
				CLANG_WARN_OBJC_IMPLICIT_RETAIN_SELF = YES;
				CLANG_WARN_OBJC_LITERAL_CONVERSION = YES;
				CLANG_WARN_OBJC_ROOT_CLASS = YES_ERROR;
				CLANG_WARN_QUOTED_INCLUDE_IN_FRAMEWORK_HEADER = YES;
				CLANG_WARN_RANGE_LOOP_ANALYSIS = YES;
				CLANG_WARN_STRICT_PROTOTYPES = YES;
				CLANG_WARN_SUSPICIOUS_MOVE = YES;
				CLANG_WARN_UNGUARDED_AVAILABILITY = YES_AGGRESSIVE;
				CLANG_WARN_UNREACHABLE_CODE = YES;
				CLANG_WARN__DUPLICATE_METHOD_MATCH = YES;
				COPY_PHASE_STRIP = NO;
				DEBUG_INFORMATION_FORMAT = dwarf;
				ENABLE_STRICT_OBJC_MSGSEND = YES;
				ENABLE_TESTABILITY = YES;
				ENABLE_USER_SCRIPT_SANDBOXING = NO;
				GCC_C_LANGUAGE_STANDARD = gnu17;
				GCC_DYNAMIC_NO_PIC = NO;
				GCC_NO_COMMON_BLOCKS = YES;
				GCC_OPTIMIZATION_LEVEL = 0;
				GCC_PREPROCESSOR_DEFINITIONS = (
					"DEBUG=1",
					"$(inherited)",
				);
				GCC_TREAT_WARNINGS_AS_ERRORS = YES;
				GCC_WARN_64_TO_32_BIT_CONVERSION = YES;
				GCC_WARN_ABOUT_RETURN_TYPE = YES_ERROR;
				GCC_WARN_UNDECLARED_SELECTOR = YES;
				GCC_WARN_UNINITIALIZED_AUTOS = YES_AGGRESSIVE;
				GCC_WARN_UNUSED_FUNCTION = YES;
				GCC_WARN_UNUSED_VARIABLE = YES;
				MACOSX_DEPLOYMENT_TARGET = 26.0;
				MTL_ENABLE_DEBUG_INFO = INCLUDE_SOURCE;
				MTL_FAST_MATH = YES;
				ONLY_ACTIVE_ARCH = YES;
				SDKROOT = macosx;
				SWIFT_ACTIVE_COMPILATION_CONDITIONS = DEBUG;
				SWIFT_OPTIMIZATION_LEVEL = "-Onone";
				SWIFT_STRICT_CONCURRENCY = complete;
				SWIFT_TREAT_WARNINGS_AS_ERRORS = YES;
				SWIFT_WARN_CONCURRENCY = YES;
			};
			name = Debug;
		};
		010000000000000000000801 /* Release */ = {
			isa = XCBuildConfiguration;
			buildSettings = {
				ALWAYS_SEARCH_USER_PATHS = NO;
				CLANG_ANALYZER_NONNULL = YES;
				CLANG_ANALYZER_NUMBER_OBJECT_CONVERSION = YES_AGGRESSIVE;
				CLANG_CXX_LANGUAGE_STANDARD = "gnu++20";
				CLANG_ENABLE_MODULES = YES;
				CLANG_ENABLE_OBJC_ARC = YES;
				CLANG_ENABLE_OBJC_WEAK = YES;
				CLANG_WARN_BLOCK_CAPTURE_AUTORELEASING = YES;
				CLANG_WARN_BOOL_CONVERSION = YES;
				CLANG_WARN_COMMA = YES;
				CLANG_WARN_CONSTANT_CONVERSION = YES;
				CLANG_WARN_DEPRECATED_OBJC_IMPLEMENTATIONS = YES;
				CLANG_WARN_DIRECT_OBJC_ISA_USAGE = YES_ERROR;
				CLANG_WARN_DOCUMENTATION_COMMENTS = YES;
				CLANG_WARN_EMPTY_BODY = YES;
				CLANG_WARN_ENUM_CONVERSION = YES;
				CLANG_WARN_INFINITE_RECURSION = YES;
				CLANG_WARN_INT_CONVERSION = YES;
				CLANG_WARN_NON_LITERAL_NULL_CONVERSION = YES;
				CLANG_WARN_OBJC_IMPLICIT_RETAIN_SELF = YES;
				CLANG_WARN_OBJC_LITERAL_CONVERSION = YES;
				CLANG_WARN_OBJC_ROOT_CLASS = YES_ERROR;
				CLANG_WARN_QUOTED_INCLUDE_IN_FRAMEWORK_HEADER = YES;
				CLANG_WARN_RANGE_LOOP_ANALYSIS = YES;
				CLANG_WARN_STRICT_PROTOTYPES = YES;
				CLANG_WARN_SUSPICIOUS_MOVE = YES;
				CLANG_WARN_UNGUARDED_AVAILABILITY = YES_AGGRESSIVE;
				CLANG_WARN_UNREACHABLE_CODE = YES;
				CLANG_WARN__DUPLICATE_METHOD_MATCH = YES;
				COPY_PHASE_STRIP = NO;
				DEBUG_INFORMATION_FORMAT = "dwarf-with-dsym";
				ENABLE_NS_ASSERTIONS = NO;
				ENABLE_STRICT_OBJC_MSGSEND = YES;
				ENABLE_USER_SCRIPT_SANDBOXING = NO;
				GCC_C_LANGUAGE_STANDARD = gnu17;
				GCC_NO_COMMON_BLOCKS = YES;
				GCC_TREAT_WARNINGS_AS_ERRORS = YES;
				GCC_WARN_64_TO_32_BIT_CONVERSION = YES;
				GCC_WARN_ABOUT_RETURN_TYPE = YES_ERROR;
				GCC_WARN_UNDECLARED_SELECTOR = YES;
				GCC_WARN_UNINITIALIZED_AUTOS = YES_AGGRESSIVE;
				GCC_WARN_UNUSED_FUNCTION = YES;
				GCC_WARN_UNUSED_VARIABLE = YES;
				MACOSX_DEPLOYMENT_TARGET = 26.0;
				MTL_ENABLE_DEBUG_INFO = NO;
				MTL_FAST_MATH = YES;
				SDKROOT = macosx;
				SWIFT_COMPILATION_MODE = wholemodule;
				SWIFT_STRICT_CONCURRENCY = complete;
				SWIFT_TREAT_WARNINGS_AS_ERRORS = YES;
				SWIFT_WARN_CONCURRENCY = YES;
			};
			name = Release;
		};
		010000000000000000000802 /* Debug */ = {
			isa = XCBuildConfiguration;
			buildSettings = {
				ASSETCATALOG_COMPILER_APPICON_NAME = AppIcon;
				CODE_SIGN_ENTITLEMENTS = JoinNow/JoinNow.entitlements;
				CODE_SIGN_STYLE = Automatic;
				COMBINE_HIDPI_IMAGES = YES;
				CURRENT_PROJECT_VERSION = 1;
				DEAD_CODE_STRIPPING = YES;
				DEVELOPMENT_TEAM = "";
				ENABLE_DEBUG_DYLIB = NO;
				ENABLE_HARDENED_RUNTIME = NO;
				GENERATE_INFOPLIST_FILE = NO;
				INFOPLIST_FILE = JoinNow/Info.plist;
				INFOPLIST_KEY_NSHumanReadableCopyright = "";
				LD_RUNPATH_SEARCH_PATHS = (
					"$(inherited)",
					"@executable_path/../Frameworks",
				);
				MARKETING_VERSION = 1.0;
				PRODUCT_BUNDLE_IDENTIFIER = com.example.JoinNow;
				PRODUCT_NAME = "$(TARGET_NAME)";
				PRODUCT_BUNDLE_PACKAGE_TYPE = APPL;
				SWIFT_EMIT_LOC_STRINGS = YES;
				SWIFT_STRICT_CONCURRENCY = complete;
				SWIFT_TREAT_WARNINGS_AS_ERRORS = YES;
				SWIFT_WARN_CONCURRENCY = YES;
				SWIFT_VERSION = 6.0;
			};
			name = Debug;
		};
		010000000000000000000803 /* Release */ = {
			isa = XCBuildConfiguration;
			buildSettings = {
				ASSETCATALOG_COMPILER_APPICON_NAME = AppIcon;
				CODE_SIGN_ENTITLEMENTS = JoinNow/JoinNow.entitlements;
				CODE_SIGN_STYLE = Automatic;
				COMBINE_HIDPI_IMAGES = YES;
				CURRENT_PROJECT_VERSION = 1;
				DEAD_CODE_STRIPPING = YES;
				DEVELOPMENT_TEAM = "";
				ENABLE_HARDENED_RUNTIME = YES;
				GENERATE_INFOPLIST_FILE = NO;
				INFOPLIST_FILE = JoinNow/Info.plist;
				INFOPLIST_KEY_NSHumanReadableCopyright = "";
				LD_RUNPATH_SEARCH_PATHS = (
					"$(inherited)",
					"@executable_path/../Frameworks",
				);
				MARKETING_VERSION = 1.0;
				PRODUCT_BUNDLE_IDENTIFIER = com.example.JoinNow;
				PRODUCT_NAME = "$(TARGET_NAME)";
				PRODUCT_BUNDLE_PACKAGE_TYPE = APPL;
				SWIFT_EMIT_LOC_STRINGS = YES;
				SWIFT_STRICT_CONCURRENCY = complete;
				SWIFT_TREAT_WARNINGS_AS_ERRORS = YES;
				SWIFT_WARN_CONCURRENCY = YES;
				SWIFT_VERSION = 6.0;
			};
			name = Release;
		};
/* End XCBuildConfiguration section */

/* Begin XCConfigurationList section */
		010000000000000000000700 /* Build configuration list for PBXNativeTarget "JoinNow" */ = {
			isa = XCConfigurationList;
			buildConfigurations = (
				010000000000000000000802 /* Debug */,
				010000000000000000000803 /* Release */,
			);
			defaultConfigurationIsVisible = 0;
			defaultConfigurationName = Release;
		};
		010000000000000000000701 /* Build configuration list for PBXProject "JoinNow" */ = {
			isa = XCConfigurationList;
			buildConfigurations = (
				010000000000000000000800 /* Debug */,
				010000000000000000000801 /* Release */,
			);
			defaultConfigurationIsVisible = 0;
			defaultConfigurationName = Release;
		};
/* End XCConfigurationList section */
	};
	rootObject = 010000000000000000000600 /* Project object */;
}
